// !$*UTF8*$!
{
	archiveVersion = 1;
	classes = {
	};
	objectVersion = 46;
	objects = {

/* Begin PBXBuildFile section */
		0F3730FD1F71505900F029E2 /* AppDelegate.swift in Sources */ = {isa = PBXBuildFile; fileRef = 0F3730FC1F71505900F029E2 /* AppDelegate.swift */; };
		0F3730FF1F71505900F029E2 /* ViewController.swift in Sources */ = {isa = PBXBuildFile; fileRef = 0F3730FE1F71505900F029E2 /* ViewController.swift */; };
		0F3731021F71505900F029E2 /* Main.storyboard in Resources */ = {isa = PBXBuildFile; fileRef = 0F3731001F71505900F029E2 /* Main.storyboard */; };
		0F3731041F71505900F029E2 /* Assets.xcassets in Resources */ = {isa = PBXBuildFile; fileRef = 0F3731031F71505900F029E2 /* Assets.xcassets */; };
		0F3731071F71505900F029E2 /* LaunchScreen.storyboard in Resources */ = {isa = PBXBuildFile; fileRef = 0F3731051F71505900F029E2 /* LaunchScreen.storyboard */; };
		0F3731121F71505900F029E2 /* StarWarsTests.swift in Sources */ = {isa = PBXBuildFile; fileRef = 0F3731111F71505900F029E2 /* StarWarsTests.swift */; };
		0F37311D1F71505900F029E2 /* StarWarsUITests.swift in Sources */ = {isa = PBXBuildFile; fileRef = 0F37311C1F71505900F029E2 /* StarWarsUITests.swift */; };
		0F40A7441F740C0C0064B038 /* Constants.swift in Sources */ = {isa = PBXBuildFile; fileRef = 0F40A7431F740C0C0064B038 /* Constants.swift */; };
		4D92A92700F86E50808E3D09 /* Pods_StarWarsTests.framework in Frameworks */ = {isa = PBXBuildFile; fileRef = 19715F584192CA91D4B4FC0F /* Pods_StarWarsTests.framework */; };
		64C1672F1F724F5F00A7FFF2 /* People.swift in Sources */ = {isa = PBXBuildFile; fileRef = 64C1672E1F724F5F00A7FFF2 /* People.swift */; };
		64C167311F72511C00A7FFF2 /* PeopleViewController.swift in Sources */ = {isa = PBXBuildFile; fileRef = 64C167301F72511C00A7FFF2 /* PeopleViewController.swift */; };
		64C167351F728E9300A7FFF2 /* PeopleTableViewCell.swift in Sources */ = {isa = PBXBuildFile; fileRef = 64C167341F728E9300A7FFF2 /* PeopleTableViewCell.swift */; };
		64C167371F72939200A7FFF2 /* MovieCollectionViewCell.swift in Sources */ = {isa = PBXBuildFile; fileRef = 64C167361F72939200A7FFF2 /* MovieCollectionViewCell.swift */; };
		EF1E70D77AB6CAA9F16600C7 /* Pods_StarWarsUITests.framework in Frameworks */ = {isa = PBXBuildFile; fileRef = 3F408BB2D01A136EDAA068AD /* Pods_StarWarsUITests.framework */; };
		FDA37AF8949AC52DAF666902 /* Pods_StarWars.framework in Frameworks */ = {isa = PBXBuildFile; fileRef = 4063E32DD16404541B043A68 /* Pods_StarWars.framework */; };
/* End PBXBuildFile section */

/* Begin PBXContainerItemProxy section */
		0F37310E1F71505900F029E2 /* PBXContainerItemProxy */ = {
			isa = PBXContainerItemProxy;
			containerPortal = 0F3730F11F71505900F029E2 /* Project object */;
			proxyType = 1;
			remoteGlobalIDString = 0F3730F81F71505900F029E2;
			remoteInfo = StarWars;
		};
		0F3731191F71505900F029E2 /* PBXContainerItemProxy */ = {
			isa = PBXContainerItemProxy;
			containerPortal = 0F3730F11F71505900F029E2 /* Project object */;
			proxyType = 1;
			remoteGlobalIDString = 0F3730F81F71505900F029E2;
			remoteInfo = StarWars;
		};
/* End PBXContainerItemProxy section */

/* Begin PBXFileReference section */
		0F3730F91F71505900F029E2 /* StarWars.app */ = {isa = PBXFileReference; explicitFileType = wrapper.application; includeInIndex = 0; path = StarWars.app; sourceTree = BUILT_PRODUCTS_DIR; };
		0F3730FC1F71505900F029E2 /* AppDelegate.swift */ = {isa = PBXFileReference; lastKnownFileType = sourcecode.swift; path = AppDelegate.swift; sourceTree = "<group>"; };
		0F3730FE1F71505900F029E2 /* ViewController.swift */ = {isa = PBXFileReference; lastKnownFileType = sourcecode.swift; path = ViewController.swift; sourceTree = "<group>"; };
		0F3731011F71505900F029E2 /* Base */ = {isa = PBXFileReference; lastKnownFileType = file.storyboard; name = Base; path = Base.lproj/Main.storyboard; sourceTree = "<group>"; };
		0F3731031F71505900F029E2 /* Assets.xcassets */ = {isa = PBXFileReference; lastKnownFileType = folder.assetcatalog; path = Assets.xcassets; sourceTree = "<group>"; };
		0F3731061F71505900F029E2 /* Base */ = {isa = PBXFileReference; lastKnownFileType = file.storyboard; name = Base; path = Base.lproj/LaunchScreen.storyboard; sourceTree = "<group>"; };
		0F3731081F71505900F029E2 /* Info.plist */ = {isa = PBXFileReference; lastKnownFileType = text.plist.xml; path = Info.plist; sourceTree = "<group>"; };
		0F37310D1F71505900F029E2 /* StarWarsTests.xctest */ = {isa = PBXFileReference; explicitFileType = wrapper.cfbundle; includeInIndex = 0; path = StarWarsTests.xctest; sourceTree = BUILT_PRODUCTS_DIR; };
		0F3731111F71505900F029E2 /* StarWarsTests.swift */ = {isa = PBXFileReference; lastKnownFileType = sourcecode.swift; path = StarWarsTests.swift; sourceTree = "<group>"; };
		0F3731131F71505900F029E2 /* Info.plist */ = {isa = PBXFileReference; lastKnownFileType = text.plist.xml; path = Info.plist; sourceTree = "<group>"; };
		0F3731181F71505900F029E2 /* StarWarsUITests.xctest */ = {isa = PBXFileReference; explicitFileType = wrapper.cfbundle; includeInIndex = 0; path = StarWarsUITests.xctest; sourceTree = BUILT_PRODUCTS_DIR; };
		0F37311C1F71505900F029E2 /* StarWarsUITests.swift */ = {isa = PBXFileReference; lastKnownFileType = sourcecode.swift; path = StarWarsUITests.swift; sourceTree = "<group>"; };
		0F37311E1F71505900F029E2 /* Info.plist */ = {isa = PBXFileReference; lastKnownFileType = text.plist.xml; path = Info.plist; sourceTree = "<group>"; };
		0F40A7411F73EB330064B038 /* fr */ = {isa = PBXFileReference; lastKnownFileType = text.plist.strings; name = fr; path = fr.lproj/Main.strings; sourceTree = "<group>"; };
		0F40A7421F73EB330064B038 /* fr */ = {isa = PBXFileReference; lastKnownFileType = text.plist.strings; name = fr; path = fr.lproj/LaunchScreen.strings; sourceTree = "<group>"; };
		0F40A7431F740C0C0064B038 /* Constants.swift */ = {isa = PBXFileReference; lastKnownFileType = sourcecode.swift; path = Constants.swift; sourceTree = "<group>"; };
		16F21B413FE2DD15C90B80DB /* Pods-StarWarsUITests.release.xcconfig */ = {isa = PBXFileReference; includeInIndex = 1; lastKnownFileType = text.xcconfig; name = "Pods-StarWarsUITests.release.xcconfig"; path = "Pods/Target Support Files/Pods-StarWarsUITests/Pods-StarWarsUITests.release.xcconfig"; sourceTree = "<group>"; };
		19715F584192CA91D4B4FC0F /* Pods_StarWarsTests.framework */ = {isa = PBXFileReference; explicitFileType = wrapper.framework; includeInIndex = 0; path = Pods_StarWarsTests.framework; sourceTree = BUILT_PRODUCTS_DIR; };
		36384B2D3C24724340FDBA4C /* Pods-StarWarsUITests.debug.xcconfig */ = {isa = PBXFileReference; includeInIndex = 1; lastKnownFileType = text.xcconfig; name = "Pods-StarWarsUITests.debug.xcconfig"; path = "Pods/Target Support Files/Pods-StarWarsUITests/Pods-StarWarsUITests.debug.xcconfig"; sourceTree = "<group>"; };
		3F408BB2D01A136EDAA068AD /* Pods_StarWarsUITests.framework */ = {isa = PBXFileReference; explicitFileType = wrapper.framework; includeInIndex = 0; path = Pods_StarWarsUITests.framework; sourceTree = BUILT_PRODUCTS_DIR; };
		4063E32DD16404541B043A68 /* Pods_StarWars.framework */ = {isa = PBXFileReference; explicitFileType = wrapper.framework; includeInIndex = 0; path = Pods_StarWars.framework; sourceTree = BUILT_PRODUCTS_DIR; };
		64C1672E1F724F5F00A7FFF2 /* People.swift */ = {isa = PBXFileReference; fileEncoding = 4; lastKnownFileType = sourcecode.swift; path = People.swift; sourceTree = "<group>"; };
		64C167301F72511C00A7FFF2 /* PeopleViewController.swift */ = {isa = PBXFileReference; fileEncoding = 4; lastKnownFileType = sourcecode.swift; path = PeopleViewController.swift; sourceTree = "<group>"; };
		64C167331F72585800A7FFF2 /* en */ = {isa = PBXFileReference; lastKnownFileType = text.plist.strings; name = en; path = en.lproj/Main.strings; sourceTree = "<group>"; };
		64C167341F728E9300A7FFF2 /* PeopleTableViewCell.swift */ = {isa = PBXFileReference; fileEncoding = 4; lastKnownFileType = sourcecode.swift; path = PeopleTableViewCell.swift; sourceTree = "<group>"; };
		64C167361F72939200A7FFF2 /* MovieCollectionViewCell.swift */ = {isa = PBXFileReference; fileEncoding = 4; lastKnownFileType = sourcecode.swift; path = MovieCollectionViewCell.swift; sourceTree = "<group>"; };
		A768534FC8671644F7D34888 /* Pods-StarWarsTests.release.xcconfig */ = {isa = PBXFileReference; includeInIndex = 1; lastKnownFileType = text.xcconfig; name = "Pods-StarWarsTests.release.xcconfig"; path = "Pods/Target Support Files/Pods-StarWarsTests/Pods-StarWarsTests.release.xcconfig"; sourceTree = "<group>"; };
		F1237DC4FE4DF9A7CA1DDDD1 /* Pods-StarWars.debug.xcconfig */ = {isa = PBXFileReference; includeInIndex = 1; lastKnownFileType = text.xcconfig; name = "Pods-StarWars.debug.xcconfig"; path = "Pods/Target Support Files/Pods-StarWars/Pods-StarWars.debug.xcconfig"; sourceTree = "<group>"; };
		F9198E20C2B5B318F4934035 /* Pods-StarWarsTests.debug.xcconfig */ = {isa = PBXFileReference; includeInIndex = 1; lastKnownFileType = text.xcconfig; name = "Pods-StarWarsTests.debug.xcconfig"; path = "Pods/Target Support Files/Pods-StarWarsTests/Pods-StarWarsTests.debug.xcconfig"; sourceTree = "<group>"; };
		FF978F296710A3012E0B7539 /* Pods-StarWars.release.xcconfig */ = {isa = PBXFileReference; includeInIndex = 1; lastKnownFileType = text.xcconfig; name = "Pods-StarWars.release.xcconfig"; path = "Pods/Target Support Files/Pods-StarWars/Pods-StarWars.release.xcconfig"; sourceTree = "<group>"; };
/* End PBXFileReference section */

/* Begin PBXFrameworksBuildPhase section */
		0F3730F61F71505900F029E2 /* Frameworks */ = {
			isa = PBXFrameworksBuildPhase;
			buildActionMask = 2147483647;
			files = (
				FDA37AF8949AC52DAF666902 /* Pods_StarWars.framework in Frameworks */,
			);
			runOnlyForDeploymentPostprocessing = 0;
		};
		0F37310A1F71505900F029E2 /* Frameworks */ = {
			isa = PBXFrameworksBuildPhase;
			buildActionMask = 2147483647;
			files = (
				4D92A92700F86E50808E3D09 /* Pods_StarWarsTests.framework in Frameworks */,
			);
			runOnlyForDeploymentPostprocessing = 0;
		};
		0F3731151F71505900F029E2 /* Frameworks */ = {
			isa = PBXFrameworksBuildPhase;
			buildActionMask = 2147483647;
			files = (
				EF1E70D77AB6CAA9F16600C7 /* Pods_StarWarsUITests.framework in Frameworks */,
			);
			runOnlyForDeploymentPostprocessing = 0;
		};
/* End PBXFrameworksBuildPhase section */

/* Begin PBXGroup section */
		0F3730F01F71505900F029E2 = {
			isa = PBXGroup;
			children = (
				0F3730FB1F71505900F029E2 /* StarWars */,
				0F3731101F71505900F029E2 /* StarWarsTests */,
				0F37311B1F71505900F029E2 /* StarWarsUITests */,
				0F3730FA1F71505900F029E2 /* Products */,
				7E6DD6B94EBABD977B030A06 /* Pods */,
				EB29BEDFC55AA16D69B76D3E /* Frameworks */,
			);
			sourceTree = "<group>";
		};
		0F3730FA1F71505900F029E2 /* Products */ = {
			isa = PBXGroup;
			children = (
				0F3730F91F71505900F029E2 /* StarWars.app */,
				0F37310D1F71505900F029E2 /* StarWarsTests.xctest */,
				0F3731181F71505900F029E2 /* StarWarsUITests.xctest */,
			);
			name = Products;
			sourceTree = "<group>";
		};
		0F3730FB1F71505900F029E2 /* StarWars */ = {
			isa = PBXGroup;
			children = (
				0F3730FC1F71505900F029E2 /* AppDelegate.swift */,
				0F3730FE1F71505900F029E2 /* ViewController.swift */,
				64C167301F72511C00A7FFF2 /* PeopleViewController.swift */,
				64C167341F728E9300A7FFF2 /* PeopleTableViewCell.swift */,
				64C1672E1F724F5F00A7FFF2 /* People.swift */,
				64C167361F72939200A7FFF2 /* MovieCollectionViewCell.swift */,
				0F3731001F71505900F029E2 /* Main.storyboard */,
				0F3731031F71505900F029E2 /* Assets.xcassets */,
				0F3731051F71505900F029E2 /* LaunchScreen.storyboard */,
				0F3731081F71505900F029E2 /* Info.plist */,
				0F40A7431F740C0C0064B038 /* Constants.swift */,
			);
			path = StarWars;
			sourceTree = "<group>";
		};
		0F3731101F71505900F029E2 /* StarWarsTests */ = {
			isa = PBXGroup;
			children = (
				0F3731111F71505900F029E2 /* StarWarsTests.swift */,
				0F3731131F71505900F029E2 /* Info.plist */,
			);
			path = StarWarsTests;
			sourceTree = "<group>";
		};
		0F37311B1F71505900F029E2 /* StarWarsUITests */ = {
			isa = PBXGroup;
			children = (
				0F37311C1F71505900F029E2 /* StarWarsUITests.swift */,
				0F37311E1F71505900F029E2 /* Info.plist */,
			);
			path = StarWarsUITests;
			sourceTree = "<group>";
		};
		7E6DD6B94EBABD977B030A06 /* Pods */ = {
			isa = PBXGroup;
			children = (
				F1237DC4FE4DF9A7CA1DDDD1 /* Pods-StarWars.debug.xcconfig */,
				FF978F296710A3012E0B7539 /* Pods-StarWars.release.xcconfig */,
				F9198E20C2B5B318F4934035 /* Pods-StarWarsTests.debug.xcconfig */,
				A768534FC8671644F7D34888 /* Pods-StarWarsTests.release.xcconfig */,
				36384B2D3C24724340FDBA4C /* Pods-StarWarsUITests.debug.xcconfig */,
				16F21B413FE2DD15C90B80DB /* Pods-StarWarsUITests.release.xcconfig */,
			);
			name = Pods;
			sourceTree = "<group>";
		};
		EB29BEDFC55AA16D69B76D3E /* Frameworks */ = {
			isa = PBXGroup;
			children = (
				4063E32DD16404541B043A68 /* Pods_StarWars.framework */,
				19715F584192CA91D4B4FC0F /* Pods_StarWarsTests.framework */,
				3F408BB2D01A136EDAA068AD /* Pods_StarWarsUITests.framework */,
			);
			name = Frameworks;
			sourceTree = "<group>";
		};
/* End PBXGroup section */

/* Begin PBXNativeTarget section */
		0F3730F81F71505900F029E2 /* StarWars */ = {
			isa = PBXNativeTarget;
			buildConfigurationList = 0F3731211F71505900F029E2 /* Build configuration list for PBXNativeTarget "StarWars" */;
			buildPhases = (
				A847D3D1983890D12511FC32 /* [CP] Check Pods Manifest.lock */,
				0F3730F51F71505900F029E2 /* Sources */,
				0F3730F61F71505900F029E2 /* Frameworks */,
				0F3730F71F71505900F029E2 /* Resources */,
				BDB767D7C3D9D2EDB9F4EDAA /* [CP] Embed Pods Frameworks */,
				8026DC2BF4AD044957A6EFCF /* [CP] Copy Pods Resources */,
			);
			buildRules = (
			);
			dependencies = (
			);
			name = StarWars;
			productName = StarWars;
			productReference = 0F3730F91F71505900F029E2 /* StarWars.app */;
			productType = "com.apple.product-type.application";
		};
		0F37310C1F71505900F029E2 /* StarWarsTests */ = {
			isa = PBXNativeTarget;
			buildConfigurationList = 0F3731241F71505900F029E2 /* Build configuration list for PBXNativeTarget "StarWarsTests" */;
			buildPhases = (
				3314F460435A0820B7C748BA /* [CP] Check Pods Manifest.lock */,
				0F3731091F71505900F029E2 /* Sources */,
				0F37310A1F71505900F029E2 /* Frameworks */,
				0F37310B1F71505900F029E2 /* Resources */,
				2B484B1CEBDFA46D19CA8ABB /* [CP] Embed Pods Frameworks */,
				BB8E9AF9FACA915AAC9CA36C /* [CP] Copy Pods Resources */,
			);
			buildRules = (
			);
			dependencies = (
				0F37310F1F71505900F029E2 /* PBXTargetDependency */,
			);
			name = StarWarsTests;
			productName = StarWarsTests;
			productReference = 0F37310D1F71505900F029E2 /* StarWarsTests.xctest */;
			productType = "com.apple.product-type.bundle.unit-test";
		};
		0F3731171F71505900F029E2 /* StarWarsUITests */ = {
			isa = PBXNativeTarget;
			buildConfigurationList = 0F3731271F71505900F029E2 /* Build configuration list for PBXNativeTarget "StarWarsUITests" */;
			buildPhases = (
				20ECFF39677BAF5A3315298E /* [CP] Check Pods Manifest.lock */,
				0F3731141F71505900F029E2 /* Sources */,
				0F3731151F71505900F029E2 /* Frameworks */,
				0F3731161F71505900F029E2 /* Resources */,
				09C597AD734B4BB6191DC7E5 /* [CP] Embed Pods Frameworks */,
				BFBEDD2B2F0DA9668C8EF0DF /* [CP] Copy Pods Resources */,
			);
			buildRules = (
			);
			dependencies = (
				0F37311A1F71505900F029E2 /* PBXTargetDependency */,
			);
			name = StarWarsUITests;
			productName = StarWarsUITests;
			productReference = 0F3731181F71505900F029E2 /* StarWarsUITests.xctest */;
			productType = "com.apple.product-type.bundle.ui-testing";
		};
/* End PBXNativeTarget section */

/* Begin PBXProject section */
		0F3730F11F71505900F029E2 /* Project object */ = {
			isa = PBXProject;
			attributes = {
				LastSwiftUpdateCheck = 0830;
				LastUpgradeCheck = 0830;
				ORGANIZATIONNAME = "One More Thing Studio";
				TargetAttributes = {
					0F3730F81F71505900F029E2 = {
						CreatedOnToolsVersion = 8.3.3;
						DevelopmentTeam = YLEKY4JP87;
						ProvisioningStyle = Automatic;
						SystemCapabilities = {
							com.apple.BackgroundModes = {
								enabled = 0;
							};
						};
					};
					0F37310C1F71505900F029E2 = {
						CreatedOnToolsVersion = 8.3.3;
						DevelopmentTeam = YLEKY4JP87;
						ProvisioningStyle = Automatic;
						TestTargetID = 0F3730F81F71505900F029E2;
					};
					0F3731171F71505900F029E2 = {
						CreatedOnToolsVersion = 8.3.3;
						DevelopmentTeam = YLEKY4JP87;
						ProvisioningStyle = Automatic;
						TestTargetID = 0F3730F81F71505900F029E2;
					};
				};
			};
			buildConfigurationList = 0F3730F41F71505900F029E2 /* Build configuration list for PBXProject "StarWars" */;
			compatibilityVersion = "Xcode 3.2";
			developmentRegion = English;
			hasScannedForEncodings = 0;
			knownRegions = (
				en,
				Base,
			);
			mainGroup = 0F3730F01F71505900F029E2;
			productRefGroup = 0F3730FA1F71505900F029E2 /* Products */;
			projectDirPath = "";
			projectRoot = "";
			targets = (
				0F3730F81F71505900F029E2 /* StarWars */,
				0F37310C1F71505900F029E2 /* StarWarsTests */,
				0F3731171F71505900F029E2 /* StarWarsUITests */,
			);
		};
/* End PBXProject section */

/* Begin PBXResourcesBuildPhase section */
		0F3730F71F71505900F029E2 /* Resources */ = {
			isa = PBXResourcesBuildPhase;
			buildActionMask = 2147483647;
			files = (
				0F3731071F71505900F029E2 /* LaunchScreen.storyboard in Resources */,
				0F3731041F71505900F029E2 /* Assets.xcassets in Resources */,
				0F3731021F71505900F029E2 /* Main.storyboard in Resources */,
			);
			runOnlyForDeploymentPostprocessing = 0;
		};
		0F37310B1F71505900F029E2 /* Resources */ = {
			isa = PBXResourcesBuildPhase;
			buildActionMask = 2147483647;
			files = (
			);
			runOnlyForDeploymentPostprocessing = 0;
		};
		0F3731161F71505900F029E2 /* Resources */ = {
			isa = PBXResourcesBuildPhase;
			buildActionMask = 2147483647;
			files = (
			);
			runOnlyForDeploymentPostprocessing = 0;
		};
/* End PBXResourcesBuildPhase section */

/* Begin PBXShellScriptBuildPhase section */
		09C597AD734B4BB6191DC7E5 /* [CP] Embed Pods Frameworks */ = {
			isa = PBXShellScriptBuildPhase;
			buildActionMask = 2147483647;
			files = (
			);
			inputPaths = (
			);
			name = "[CP] Embed Pods Frameworks";
			outputPaths = (
			);
			runOnlyForDeploymentPostprocessing = 0;
			shellPath = /bin/sh;
			shellScript = "\"${SRCROOT}/Pods/Target Support Files/Pods-StarWarsUITests/Pods-StarWarsUITests-frameworks.sh\"\n";
			showEnvVarsInLog = 0;
		};
		20ECFF39677BAF5A3315298E /* [CP] Check Pods Manifest.lock */ = {
			isa = PBXShellScriptBuildPhase;
			buildActionMask = 2147483647;
			files = (
			);
			inputPaths = (
				"${PODS_PODFILE_DIR_PATH}/Podfile.lock",
				"${PODS_ROOT}/Manifest.lock",
			);
			name = "[CP] Check Pods Manifest.lock";
			outputPaths = (
				"$(DERIVED_FILE_DIR)/Pods-StarWarsUITests-checkManifestLockResult.txt",
			);
			runOnlyForDeploymentPostprocessing = 0;
			shellPath = /bin/sh;
			shellScript = "diff \"${PODS_PODFILE_DIR_PATH}/Podfile.lock\" \"${PODS_ROOT}/Manifest.lock\" > /dev/null\nif [ $? != 0 ] ; then\n    # print error to STDERR\n    echo \"error: The sandbox is not in sync with the Podfile.lock. Run 'pod install' or update your CocoaPods installation.\" >&2\n    exit 1\nfi\n# This output is used by Xcode 'outputs' to avoid re-running this script phase.\necho \"SUCCESS\" > \"${SCRIPT_OUTPUT_FILE_0}\"\n";
			showEnvVarsInLog = 0;
		};
		2B484B1CEBDFA46D19CA8ABB /* [CP] Embed Pods Frameworks */ = {
			isa = PBXShellScriptBuildPhase;
			buildActionMask = 2147483647;
			files = (
			);
			inputPaths = (
			);
			name = "[CP] Embed Pods Frameworks";
			outputPaths = (
			);
			runOnlyForDeploymentPostprocessing = 0;
			shellPath = /bin/sh;
			shellScript = "\"${SRCROOT}/Pods/Target Support Files/Pods-StarWarsTests/Pods-StarWarsTests-frameworks.sh\"\n";
			showEnvVarsInLog = 0;
		};
		3314F460435A0820B7C748BA /* [CP] Check Pods Manifest.lock */ = {
			isa = PBXShellScriptBuildPhase;
			buildActionMask = 2147483647;
			files = (
			);
			inputPaths = (
				"${PODS_PODFILE_DIR_PATH}/Podfile.lock",
				"${PODS_ROOT}/Manifest.lock",
			);
			name = "[CP] Check Pods Manifest.lock";
			outputPaths = (
				"$(DERIVED_FILE_DIR)/Pods-StarWarsTests-checkManifestLockResult.txt",
			);
			runOnlyForDeploymentPostprocessing = 0;
			shellPath = /bin/sh;
			shellScript = "diff \"${PODS_PODFILE_DIR_PATH}/Podfile.lock\" \"${PODS_ROOT}/Manifest.lock\" > /dev/null\nif [ $? != 0 ] ; then\n    # print error to STDERR\n    echo \"error: The sandbox is not in sync with the Podfile.lock. Run 'pod install' or update your CocoaPods installation.\" >&2\n    exit 1\nfi\n# This output is used by Xcode 'outputs' to avoid re-running this script phase.\necho \"SUCCESS\" > \"${SCRIPT_OUTPUT_FILE_0}\"\n";
			showEnvVarsInLog = 0;
		};
		8026DC2BF4AD044957A6EFCF /* [CP] Copy Pods Resources */ = {
			isa = PBXShellScriptBuildPhase;
			buildActionMask = 2147483647;
			files = (
			);
			inputPaths = (
			);
			name = "[CP] Copy Pods Resources";
			outputPaths = (
			);
			runOnlyForDeploymentPostprocessing = 0;
			shellPath = /bin/sh;
			shellScript = "\"${SRCROOT}/Pods/Target Support Files/Pods-StarWars/Pods-StarWars-resources.sh\"\n";
			showEnvVarsInLog = 0;
		};
		A847D3D1983890D12511FC32 /* [CP] Check Pods Manifest.lock */ = {
			isa = PBXShellScriptBuildPhase;
			buildActionMask = 2147483647;
			files = (
			);
			inputPaths = (
				"${PODS_PODFILE_DIR_PATH}/Podfile.lock",
				"${PODS_ROOT}/Manifest.lock",
			);
			name = "[CP] Check Pods Manifest.lock";
			outputPaths = (
				"$(DERIVED_FILE_DIR)/Pods-StarWars-checkManifestLockResult.txt",
			);
			runOnlyForDeploymentPostprocessing = 0;
			shellPath = /bin/sh;
			shellScript = "diff \"${PODS_PODFILE_DIR_PATH}/Podfile.lock\" \"${PODS_ROOT}/Manifest.lock\" > /dev/null\nif [ $? != 0 ] ; then\n    # print error to STDERR\n    echo \"error: The sandbox is not in sync with the Podfile.lock. Run 'pod install' or update your CocoaPods installation.\" >&2\n    exit 1\nfi\n# This output is used by Xcode 'outputs' to avoid re-running this script phase.\necho \"SUCCESS\" > \"${SCRIPT_OUTPUT_FILE_0}\"\n";
			showEnvVarsInLog = 0;
		};
		BB8E9AF9FACA915AAC9CA36C /* [CP] Copy Pods Resources */ = {
			isa = PBXShellScriptBuildPhase;
			buildActionMask = 2147483647;
			files = (
			);
			inputPaths = (
			);
			name = "[CP] Copy Pods Resources";
			outputPaths = (
			);
			runOnlyForDeploymentPostprocessing = 0;
			shellPath = /bin/sh;
			shellScript = "\"${SRCROOT}/Pods/Target Support Files/Pods-StarWarsTests/Pods-StarWarsTests-resources.sh\"\n";
			showEnvVarsInLog = 0;
		};
		BDB767D7C3D9D2EDB9F4EDAA /* [CP] Embed Pods Frameworks */ = {
			isa = PBXShellScriptBuildPhase;
			buildActionMask = 2147483647;
			files = (
			);
			inputPaths = (
				"${SRCROOT}/Pods/Target Support Files/Pods-StarWars/Pods-StarWars-frameworks.sh",
				"${BUILT_PRODUCTS_DIR}/Alamofire/Alamofire.framework",
				"${BUILT_PRODUCTS_DIR}/Realm/Realm.framework",
				"${BUILT_PRODUCTS_DIR}/RealmSwift/RealmSwift.framework",
				"${BUILT_PRODUCTS_DIR}/SDWebImage/SDWebImage.framework",
			);
			name = "[CP] Embed Pods Frameworks";
			outputPaths = (
				"${TARGET_BUILD_DIR}/${FRAMEWORKS_FOLDER_PATH}/Alamofire.framework",
				"${TARGET_BUILD_DIR}/${FRAMEWORKS_FOLDER_PATH}/Realm.framework",
				"${TARGET_BUILD_DIR}/${FRAMEWORKS_FOLDER_PATH}/RealmSwift.framework",
				"${TARGET_BUILD_DIR}/${FRAMEWORKS_FOLDER_PATH}/SDWebImage.framework",
			);
			runOnlyForDeploymentPostprocessing = 0;
			shellPath = /bin/sh;
			shellScript = "\"${SRCROOT}/Pods/Target Support Files/Pods-StarWars/Pods-StarWars-frameworks.sh\"\n";
			showEnvVarsInLog = 0;
		};
		BFBEDD2B2F0DA9668C8EF0DF /* [CP] Copy Pods Resources */ = {
			isa = PBXShellScriptBuildPhase;
			buildActionMask = 2147483647;
			files = (
			);
			inputPaths = (
			);
			name = "[CP] Copy Pods Resources";
			outputPaths = (
			);
			runOnlyForDeploymentPostprocessing = 0;
			shellPath = /bin/sh;
			shellScript = "\"${SRCROOT}/Pods/Target Support Files/Pods-StarWarsUITests/Pods-StarWarsUITests-resources.sh\"\n";
			showEnvVarsInLog = 0;
		};
/* End PBXShellScriptBuildPhase section */

/* Begin PBXSourcesBuildPhase section */
		0F3730F51F71505900F029E2 /* Sources */ = {
			isa = PBXSourcesBuildPhase;
			buildActionMask = 2147483647;
			files = (
				64C167351F728E9300A7FFF2 /* PeopleTableViewCell.swift in Sources */,
				0F3730FF1F71505900F029E2 /* ViewController.swift in Sources */,
				64C167311F72511C00A7FFF2 /* PeopleViewController.swift in Sources */,
				64C167371F72939200A7FFF2 /* MovieCollectionViewCell.swift in Sources */,
				0F40A7441F740C0C0064B038 /* Constants.swift in Sources */,
				64C1672F1F724F5F00A7FFF2 /* People.swift in Sources */,
				0F3730FD1F71505900F029E2 /* AppDelegate.swift in Sources */,
			);
			runOnlyForDeploymentPostprocessing = 0;
		};
		0F3731091F71505900F029E2 /* Sources */ = {
			isa = PBXSourcesBuildPhase;
			buildActionMask = 2147483647;
			files = (
				0F3731121F71505900F029E2 /* StarWarsTests.swift in Sources */,
			);
			runOnlyForDeploymentPostprocessing = 0;
		};
		0F3731141F71505900F029E2 /* Sources */ = {
			isa = PBXSourcesBuildPhase;
			buildActionMask = 2147483647;
			files = (
				0F37311D1F71505900F029E2 /* StarWarsUITests.swift in Sources */,
			);
			runOnlyForDeploymentPostprocessing = 0;
		};
/* End PBXSourcesBuildPhase section */

/* Begin PBXTargetDependency section */
		0F37310F1F71505900F029E2 /* PBXTargetDependency */ = {
			isa = PBXTargetDependency;
			target = 0F3730F81F71505900F029E2 /* StarWars */;
			targetProxy = 0F37310E1F71505900F029E2 /* PBXContainerItemProxy */;
		};
		0F37311A1F71505900F029E2 /* PBXTargetDependency */ = {
			isa = PBXTargetDependency;
			target = 0F3730F81F71505900F029E2 /* StarWars */;
			targetProxy = 0F3731191F71505900F029E2 /* PBXContainerItemProxy */;
		};
/* End PBXTargetDependency section */

/* Begin PBXVariantGroup section */
		0F3731001F71505900F029E2 /* Main.storyboard */ = {
			isa = PBXVariantGroup;
			children = (
				0F3731011F71505900F029E2 /* Base */,
				64C167331F72585800A7FFF2 /* en */,
				0F40A7411F73EB330064B038 /* fr */,
			);
			name = Main.storyboard;
			sourceTree = "<group>";
		};
		0F3731051F71505900F029E2 /* LaunchScreen.storyboard */ = {
			isa = PBXVariantGroup;
			children = (
				0F3731061F71505900F029E2 /* Base */,
				0F40A7421F73EB330064B038 /* fr */,
			);
			name = LaunchScreen.storyboard;
			sourceTree = "<group>";
		};
/* End PBXVariantGroup section */

/* Begin XCBuildConfiguration section */
		0F37311F1F71505900F029E2 /* Debug */ = {
			isa = XCBuildConfiguration;
			buildSettings = {
				ALWAYS_SEARCH_USER_PATHS = NO;
				CLANG_ANALYZER_LOCALIZABILITY_NONLOCALIZED = YES;
				CLANG_ANALYZER_NONNULL = YES;
				CLANG_ANALYZER_NUMBER_OBJECT_CONVERSION = YES_AGGRESSIVE;
				CLANG_CXX_LANGUAGE_STANDARD = "gnu++0x";
				CLANG_CXX_LIBRARY = "libc++";
				CLANG_ENABLE_MODULES = YES;
				CLANG_ENABLE_OBJC_ARC = YES;
				CLANG_WARN_BOOL_CONVERSION = YES;
				CLANG_WARN_CONSTANT_CONVERSION = YES;
				CLANG_WARN_DIRECT_OBJC_ISA_USAGE = YES_ERROR;
				CLANG_WARN_DOCUMENTATION_COMMENTS = YES;
				CLANG_WARN_EMPTY_BODY = YES;
				CLANG_WARN_ENUM_CONVERSION = YES;
				CLANG_WARN_INFINITE_RECURSION = YES;
				CLANG_WARN_INT_CONVERSION = YES;
				CLANG_WARN_OBJC_ROOT_CLASS = YES_ERROR;
				CLANG_WARN_SUSPICIOUS_MOVE = YES;
				CLANG_WARN_UNREACHABLE_CODE = YES;
				CLANG_WARN__DUPLICATE_METHOD_MATCH = YES;
				"CODE_SIGN_IDENTITY[sdk=iphoneos*]" = "iPhone Developer";
				COPY_PHASE_STRIP = NO;
				DEBUG_INFORMATION_FORMAT = dwarf;
				ENABLE_STRICT_OBJC_MSGSEND = YES;
				ENABLE_TESTABILITY = YES;
				GCC_C_LANGUAGE_STANDARD = gnu99;
				GCC_DYNAMIC_NO_PIC = NO;
				GCC_NO_COMMON_BLOCKS = YES;
				GCC_OPTIMIZATION_LEVEL = 0;
				GCC_PREPROCESSOR_DEFINITIONS = (
					"DEBUG=1",
					"$(inherited)",
				);
				GCC_WARN_64_TO_32_BIT_CONVERSION = YES;
				GCC_WARN_ABOUT_RETURN_TYPE = YES_ERROR;
				GCC_WARN_UNDECLARED_SELECTOR = YES;
				GCC_WARN_UNINITIALIZED_AUTOS = YES_AGGRESSIVE;
				GCC_WARN_UNUSED_FUNCTION = YES;
				GCC_WARN_UNUSED_VARIABLE = YES;
				IPHONEOS_DEPLOYMENT_TARGET = 10.3;
				MTL_ENABLE_DEBUG_INFO = YES;
				ONLY_ACTIVE_ARCH = YES;
				SDKROOT = iphoneos;
				SWIFT_ACTIVE_COMPILATION_CONDITIONS = DEBUG;
				SWIFT_OPTIMIZATION_LEVEL = "-Onone";
				TARGETED_DEVICE_FAMILY = "1,2";
			};
			name = Debug;
		};
		0F3731201F71505900F029E2 /* Release */ = {
			isa = XCBuildConfiguration;
			buildSettings = {
				ALWAYS_SEARCH_USER_PATHS = NO;
				CLANG_ANALYZER_LOCALIZABILITY_NONLOCALIZED = YES;
				CLANG_ANALYZER_NONNULL = YES;
				CLANG_ANALYZER_NUMBER_OBJECT_CONVERSION = YES_AGGRESSIVE;
				CLANG_CXX_LANGUAGE_STANDARD = "gnu++0x";
				CLANG_CXX_LIBRARY = "libc++";
				CLANG_ENABLE_MODULES = YES;
				CLANG_ENABLE_OBJC_ARC = YES;
				CLANG_WARN_BOOL_CONVERSION = YES;
				CLANG_WARN_CONSTANT_CONVERSION = YES;
				CLANG_WARN_DIRECT_OBJC_ISA_USAGE = YES_ERROR;
				CLANG_WARN_DOCUMENTATION_COMMENTS = YES;
				CLANG_WARN_EMPTY_BODY = YES;
				CLANG_WARN_ENUM_CONVERSION = YES;
				CLANG_WARN_INFINITE_RECURSION = YES;
				CLANG_WARN_INT_CONVERSION = YES;
				CLANG_WARN_OBJC_ROOT_CLASS = YES_ERROR;
				CLANG_WARN_SUSPICIOUS_MOVE = YES;
				CLANG_WARN_UNREACHABLE_CODE = YES;
				CLANG_WARN__DUPLICATE_METHOD_MATCH = YES;
				"CODE_SIGN_IDENTITY[sdk=iphoneos*]" = "iPhone Developer";
				COPY_PHASE_STRIP = NO;
				DEBUG_INFORMATION_FORMAT = "dwarf-with-dsym";
				ENABLE_NS_ASSERTIONS = NO;
				ENABLE_STRICT_OBJC_MSGSEND = YES;
				GCC_C_LANGUAGE_STANDARD = gnu99;
				GCC_NO_COMMON_BLOCKS = YES;
				GCC_WARN_64_TO_32_BIT_CONVERSION = YES;
				GCC_WARN_ABOUT_RETURN_TYPE = YES_ERROR;
				GCC_WARN_UNDECLARED_SELECTOR = YES;
				GCC_WARN_UNINITIALIZED_AUTOS = YES_AGGRESSIVE;
				GCC_WARN_UNUSED_FUNCTION = YES;
				GCC_WARN_UNUSED_VARIABLE = YES;
				IPHONEOS_DEPLOYMENT_TARGET = 10.3;
				MTL_ENABLE_DEBUG_INFO = NO;
				SDKROOT = iphoneos;
				SWIFT_OPTIMIZATION_LEVEL = "-Owholemodule";
				TARGETED_DEVICE_FAMILY = "1,2";
				VALIDATE_PRODUCT = YES;
			};
			name = Release;
		};
		0F3731221F71505900F029E2 /* Debug */ = {
			isa = XCBuildConfiguration;
			baseConfigurationReference = F1237DC4FE4DF9A7CA1DDDD1 /* Pods-StarWars.debug.xcconfig */;
			buildSettings = {
				ASSETCATALOG_COMPILER_APPICON_NAME = AppIcon;
				DEVELOPMENT_TEAM = YLEKY4JP87;
				INFOPLIST_FILE = StarWars/Info.plist;
				LD_RUNPATH_SEARCH_PATHS = "$(inherited) @executable_path/Frameworks";
				PRODUCT_BUNDLE_IDENTIFIER = com.omts.StarWars;
				PRODUCT_NAME = "$(TARGET_NAME)";
				SWIFT_VERSION = 3.0;
			};
			name = Debug;
		};
		0F3731231F71505900F029E2 /* Release */ = {
			isa = XCBuildConfiguration;
			baseConfigurationReference = FF978F296710A3012E0B7539 /* Pods-StarWars.release.xcconfig */;
			buildSettings = {
				ASSETCATALOG_COMPILER_APPICON_NAME = AppIcon;
				DEVELOPMENT_TEAM = YLEKY4JP87;
				INFOPLIST_FILE = StarWars/Info.plist;
				LD_RUNPATH_SEARCH_PATHS = "$(inherited) @executable_path/Frameworks";
				PRODUCT_BUNDLE_IDENTIFIER = com.omts.StarWars;
				PRODUCT_NAME = "$(TARGET_NAME)";
				SWIFT_VERSION = 3.0;
			};
			name = Release;
		};
		0F3731251F71505900F029E2 /* Debug */ = {
			isa = XCBuildConfiguration;
			baseConfigurationReference = F9198E20C2B5B318F4934035 /* Pods-StarWarsTests.debug.xcconfig */;
			buildSettings = {
				ALWAYS_EMBED_SWIFT_STANDARD_LIBRARIES = YES;
				BUNDLE_LOADER = "$(TEST_HOST)";
				DEVELOPMENT_TEAM = YLEKY4JP87;
				INFOPLIST_FILE = StarWarsTests/Info.plist;
				LD_RUNPATH_SEARCH_PATHS = "$(inherited) @executable_path/Frameworks @loader_path/Frameworks";
				PRODUCT_BUNDLE_IDENTIFIER = com.omts.StarWarsTests;
				PRODUCT_NAME = "$(TARGET_NAME)";
				SWIFT_VERSION = 3.0;
				TEST_HOST = "$(BUILT_PRODUCTS_DIR)/StarWars.app/StarWars";
			};
			name = Debug;
		};
		0F3731261F71505900F029E2 /* Release */ = {
			isa = XCBuildConfiguration;
			baseConfigurationReference = A768534FC8671644F7D34888 /* Pods-StarWarsTests.release.xcconfig */;
			buildSettings = {
				ALWAYS_EMBED_SWIFT_STANDARD_LIBRARIES = YES;
				BUNDLE_LOADER = "$(TEST_HOST)";
				DEVELOPMENT_TEAM = YLEKY4JP87;
				INFOPLIST_FILE = StarWarsTests/Info.plist;
				LD_RUNPATH_SEARCH_PATHS = "$(inherited) @executable_path/Frameworks @loader_path/Frameworks";
				PRODUCT_BUNDLE_IDENTIFIER = com.omts.StarWarsTests;
				PRODUCT_NAME = "$(TARGET_NAME)";
				SWIFT_VERSION = 3.0;
				TEST_HOST = "$(BUILT_PRODUCTS_DIR)/StarWars.app/StarWars";
			};
			name = Release;
		};
		0F3731281F71505900F029E2 /* Debug */ = {
			isa = XCBuildConfiguration;
			baseConfigurationReference = 36384B2D3C24724340FDBA4C /* Pods-StarWarsUITests.debug.xcconfig */;
			buildSettings = {
				ALWAYS_EMBED_SWIFT_STANDARD_LIBRARIES = YES;
				DEVELOPMENT_TEAM = YLEKY4JP87;
				INFOPLIST_FILE = StarWarsUITests/Info.plist;
				LD_RUNPATH_SEARCH_PATHS = "$(inherited) @executable_path/Frameworks @loader_path/Frameworks";
				PRODUCT_BUNDLE_IDENTIFIER = com.omts.StarWarsUITests;
				PRODUCT_NAME = "$(TARGET_NAME)";
				SWIFT_VERSION = 3.0;
				TEST_TARGET_NAME = StarWars;
			};
			name = Debug;
		};
		0F3731291F71505900F029E2 /* Release */ = {
			isa = XCBuildConfiguration;
			baseConfigurationReference = 16F21B413FE2DD15C90B80DB /* Pods-StarWarsUITests.release.xcconfig */;
			buildSettings = {
				ALWAYS_EMBED_SWIFT_STANDARD_LIBRARIES = YES;
				DEVELOPMENT_TEAM = YLEKY4JP87;
				INFOPLIST_FILE = StarWarsUITests/Info.plist;
				LD_RUNPATH_SEARCH_PATHS = "$(inherited) @executable_path/Frameworks @loader_path/Frameworks";
				PRODUCT_BUNDLE_IDENTIFIER = com.omts.StarWarsUITests;
				PRODUCT_NAME = "$(TARGET_NAME)";
				SWIFT_VERSION = 3.0;
				TEST_TARGET_NAME = StarWars;
			};
			name = Release;
		};
/* End XCBuildConfiguration section */

/* Begin XCConfigurationList section */
		0F3730F41F71505900F029E2 /* Build configuration list for PBXProject "StarWars" */ = {
			isa = XCConfigurationList;
			buildConfigurations = (
				0F37311F1F71505900F029E2 /* Debug */,
				0F3731201F71505900F029E2 /* Release */,
			);
			defaultConfigurationIsVisible = 0;
			defaultConfigurationName = Release;
		};
		0F3731211F71505900F029E2 /* Build configuration list for PBXNativeTarget "StarWars" */ = {
			isa = XCConfigurationList;
			buildConfigurations = (
				0F3731221F71505900F029E2 /* Debug */,
				0F3731231F71505900F029E2 /* Release */,
			);
			defaultConfigurationIsVisible = 0;
			defaultConfigurationName = Release;
		};
		0F3731241F71505900F029E2 /* Build configuration list for PBXNativeTarget "StarWarsTests" */ = {
			isa = XCConfigurationList;
			buildConfigurations = (
				0F3731251F71505900F029E2 /* Debug */,
				0F3731261F71505900F029E2 /* Release */,
			);
			defaultConfigurationIsVisible = 0;
			defaultConfigurationName = Release;
		};
		0F3731271F71505900F029E2 /* Build configuration list for PBXNativeTarget "StarWarsUITests" */ = {
			isa = XCConfigurationList;
			buildConfigurations = (
				0F3731281F71505900F029E2 /* Debug */,
				0F3731291F71505900F029E2 /* Release */,
			);
			defaultConfigurationIsVisible = 0;
			defaultConfigurationName = Release;
		};
/* End XCConfigurationList section */
	};
	rootObject = 0F3730F11F71505900F029E2 /* Project object */;
}
